# This file is autogenerated, do not edit; changes may be undone by the next 'dep ensure'.


[[projects]]
  branch = "master"
  digest = "1:81f8c061c3d18ed1710957910542bc17d2b789c6cd19e0f654c30b35fd255ca5"
  name = "github.com/Azure/go-ansiterm"
  packages = [
    ".",
    "winterm",
  ]
  pruneopts = "NUT"
  revision = "d6e3b3328b783f23731bc4d058875b0371ff8109"

[[projects]]
  digest = "1:7992c419b034e1ab6d83491423099047e3f6d2023db9baa86888a4dfe5f41b19"
  name = "github.com/DATA-DOG/godog"
  packages = [
    ".",
    "colors",
    "gherkin",
  ]
  pruneopts = "NUT"
  revision = "0371765570d36374bef4ab9f62ed0491f0862a3c"
  version = "v0.7.6"

[[projects]]
  digest = "1:a8bc08e25d94bdcbf8ea54ee8e4b2a00a8c3b6957501b4fdb1a6d303e5292f6d"
  name = "github.com/Knetic/govaluate"
  packages = ["."]
  pruneopts = "NUT"
  revision = "d216395917cc49052c7c7094cf57f09657ca08a8"
  version = "v3.0.0"

[[projects]]
  digest = "1:2be791e7b333ff7c06f8fb3dc18a7d70580e9399dbdffd352621d067ff260b6e"
  name = "github.com/Microsoft/go-winio"
  packages = ["."]
  pruneopts = "NUT"
  revision = "97e4973ce50b2ff5f09635a57e2b88a037aae829"
  version = "v0.4.11"

[[projects]]
  branch = "master"
  digest = "1:7da1a26e347165227c79dfb10b90b3b5dedb6cbae50e88cdb81f5b6259b5b951"
  name = "github.com/Nvveen/Gotty"
  packages = ["."]
  pruneopts = "NUT"
  revision = "cd527374f1e5bff4938207604a14f2e38a9cf512"

[[projects]]
  digest = "1:9c883d2e7fd391fbc7db7536863cc4cd181a97646b4659e9a7e7aa583c411885"
  name = "github.com/Shopify/sarama"
  packages = ["."]
  pruneopts = "NUT"
  revision = "35324cf48e33d8260e1c7c18854465a904ade249"
  version = "v1.17.0"

[[projects]]
  branch = "master"
  digest = "1:707ebe952a8b3d00b343c01536c79c73771d100f63ec6babeaed5c79e2b8a8dd"
  name = "github.com/beorn7/perks"
  packages = ["quantile"]
  pruneopts = "NUT"
  revision = "3a771d992973f24aa725d07868b467d1ddfceafb"

[[projects]]
  digest = "1:a1e402c0a7eb4122cb9e4c3dcd1aa20bb238767ea1a857cc5d245f05c0cd5b3c"
  name = "github.com/cactus/go-statsd-client"
  packages = ["statsd"]
  pruneopts = "NUT"
  revision = "138b925ccdf617776955904ba7759fce64406cec"
  version = "v3.1.1"

[[projects]]
  digest = "1:de76cd93b72fad5af6718491f979547823e853f2417b45a87744783ccfbc0688"
  name = "github.com/cloudflare/cfssl"
  packages = [
    "api",
    "auth",
    "certdb",
    "config",
    "crypto/pkcs7",
    "csr",
    "errors",
    "helpers",
    "helpers/derhelpers",
    "info",
    "log",
    "ocsp/config",
    "signer",
  ]
  pruneopts = "NUT"
  revision = "5d63dbd981b5c408effbb58c442d54761ff94fbd"
  version = "1.3.2"

[[projects]]
  branch = "master"
  digest = "1:fc8dbcc2a5de7c093e167828ebbdf551641761d2ad75431d3a167d467a264115"
  name = "github.com/containerd/continuity"
  packages = ["pathdriver"]
  pruneopts = "NUT"
  revision = "c7c5070e6f6e090ab93b0a61eb921f2196fc3383"

[[projects]]
  digest = "1:ffe9824d294da03b391f44e1ae8281281b4afc1bdaa9588c9097785e3af10cec"
  name = "github.com/davecgh/go-spew"
  packages = ["spew"]
  pruneopts = "NUT"
  revision = "8991bc29aa16c548c550c7ff78260e27b9ab7c73"
  version = "v1.1.1"

[[projects]]
  digest = "1:c7be4ade65ae51f9d93e23deb60e66ddfefa5d0681aceaa0480902c2dcd7fcfe"
  name = "github.com/docker/docker"
  packages = [
    "api/types",
    "api/types/blkiodev",
    "api/types/container",
    "api/types/filters",
    "api/types/mount",
    "api/types/network",
    "api/types/registry",
    "api/types/strslice",
    "api/types/swarm",
    "api/types/swarm/runtime",
    "api/types/versions",
    "opts",
    "pkg/fileutils",
    "pkg/homedir",
    "pkg/idtools",
    "pkg/ioutils",
    "pkg/longpath",
    "pkg/mount",
    "pkg/pools",
    "pkg/stdcopy",
    "pkg/system",
  ]
  pruneopts = "NUT"
  revision = "57142e89befe90977da6dce7762f9fcc70f28da1"

[[projects]]
  digest = "1:ade935c55cd6d0367c843b109b09c9d748b1982952031414740750fdf94747eb"
  name = "github.com/docker/go-connections"
  packages = ["nat"]
  pruneopts = "NUT"
  revision = "7395e3f8aa162843a74ed6d48e79627d9792ac55"
  version = "v0.4.0"

[[projects]]
  digest = "1:4340101f42556a9cb2f7a360a0e95a019bfef6247d92e6c4c46f2433cf86a482"
  name = "github.com/docker/go-units"
  packages = ["."]
  pruneopts = "NUT"
  revision = "47565b4f722fb6ceae66b95f853feed578a4a51c"
  version = "v0.3.3"

[[projects]]
  digest = "1:08143362be979b087c2c1bae5dde986e988d3d5d4dc661727cbe436411b3f33a"
  name = "github.com/eapache/go-resiliency"
  packages = ["breaker"]
  pruneopts = "NUT"
  revision = "ea41b0fad31007accc7f806884dcdf3da98b79ce"
  version = "v1.1.0"

[[projects]]
  branch = "master"
  digest = "1:d3430c048e919ed27813d20dc65a32d4e3bae3ad05b83700e244a81eaaf48e2a"
  name = "github.com/eapache/go-xerial-snappy"
  packages = ["."]
  pruneopts = "NUT"
  revision = "776d5712da21bc4762676d614db1d8a64f4238b0"

[[projects]]
  digest = "1:0d36a2b325b9e75f8057f7f9fbe778d348d70ba652cb9335485b69d1a5c4e038"
  name = "github.com/eapache/queue"
  packages = ["."]
  pruneopts = "NUT"
  revision = "44cc805cf13205b55f69e14bcb69867d1ae92f98"
  version = "v1.1.0"

[[projects]]
  branch = "master"
  digest = "1:b29ac3fe6b4601f89b589337c584ab7204a5c72932465e5f4a16772b5560b4a7"
  name = "github.com/facebookgo/clock"
  packages = ["."]
  pruneopts = "NUT"
  revision = "600d898af40aa09a7a93ecb9265d87b0504b6f03"

[[projects]]
  digest = "1:1b91ae0dc69a41d4c2ed23ea5cffb721ea63f5037ca4b81e6d6771fbb8f45129"
  name = "github.com/fsnotify/fsnotify"
  packages = ["."]
  pruneopts = "NUT"
  revision = "c2828203cd70a50dcccfb2761f8b1f8ceef9a8e9"
  version = "v1.4.7"

[[projects]]
  digest = "1:4addab0249e3320ba92cdc0ef40948ef71e1e3e7fcf6e1b0b9dc4a363370a10d"
  name = "github.com/fsouza/go-dockerclient"
  packages = [
    ".",
    "internal/archive",
    "internal/jsonmessage",
    "internal/term",
  ]
  pruneopts = "NUT"
  revision = "8842d40dbf5ee062d80f9dc429db31a0fe0cdc73"
  version = "v1.2.2"

[[projects]]
  digest = "1:38e684375ef5b55e812332266d63f9fc5b6329ab303067c4cdda051db6d29ca4"
  name = "github.com/gogo/protobuf"
  packages = ["proto"]
  pruneopts = "NUT"
  revision = "636bf0302bc95575d69441b25a2603156ffdddf1"
  version = "v1.1.1"

[[projects]]
  branch = "master"
  digest = "1:3fb07f8e222402962fa190eb060608b34eddfb64562a18e2167df2de0ece85d8"
  name = "github.com/golang/groupcache"
  packages = ["lru"]
  pruneopts = "NUT"
  revision = "24b0969c4cb722950103eed87108c8d291a8df00"

[[projects]]
  branch = "master"
  digest = "1:2e292c0e36117b617c4df3f10ac9a7fe05e3c90bf057f1e61867c913d866e0c9"
  name = "github.com/golang/mock"
  packages = ["gomock"]
  pruneopts = "NUT"
  revision = "600781dde9cca80734169b9e969d9054ccc57937"

[[projects]]
  digest = "1:9f8b0aa88fd9a475fb20e24895e2ae6475a30d2e5711fe4ff8c87ec3ed23317e"
  name = "github.com/golang/protobuf"
  packages = [
    "jsonpb",
    "proto",
    "ptypes",
    "ptypes/any",
    "ptypes/duration",
    "ptypes/empty",
    "ptypes/struct",
    "ptypes/timestamp",
  ]
  pruneopts = "NUT"
  revision = "aa810b61a9c79d51363740d207bb46cf8e620ed5"
  version = "v1.2.0"

[[projects]]
  branch = "master"
  digest = "1:7f114b78210bf5b75f307fc97cff293633c835bab1e0ea8a744a44b39c042dfe"
  name = "github.com/golang/snappy"
  packages = ["."]
  pruneopts = "NUT"
  revision = "2e65f85255dbc3072edf28d6b5b8efc472979f5a"

[[projects]]
  digest = "1:62541c92d8a8e3164882183417ea29ea1460349e04f6cf24183bc9313e42fe1c"
  name = "github.com/google/certificate-transparency-go"
  packages = [
    ".",
    "asn1",
    "tls",
    "x509",
    "x509/pkix",
  ]
  pruneopts = "NUT"
  revision = "391726f8973ddb3521ab1a462bd55a35c6f67f0b"

[[projects]]
  branch = "master"
  digest = "1:0b06ffe0c0764e413a6738e3f045d6bb14117359aef80a09f8c60fbff2ecad6b"
  name = "github.com/hashicorp/go-version"
  packages = ["."]
  pruneopts = "NUT"
  revision = "b5a281d3160aa11950a6182bd9a9dc2cb1e02d50"

[[projects]]
  digest = "1:11c6c696067d3127ecf332b10f89394d386d9083f82baf71f40f2da31841a009"
  name = "github.com/hashicorp/hcl"
  packages = [
    ".",
    "hcl/ast",
    "hcl/parser",
    "hcl/printer",
    "hcl/scanner",
    "hcl/strconv",
    "hcl/token",
    "json/parser",
    "json/scanner",
    "json/token",
  ]
  pruneopts = "NUT"
  revision = "8cb6e5b959231cc1119e43259c4a608f9c51a241"
  version = "v1.0.0"

[[projects]]
  branch = "release-1.2"
  digest = "1:699ad3dc8e70ad8d9dc352d295fe1d3ffa3b4e791171bc8d2380a357e82946b0"
  name = "github.com/hyperledger/fabric"
  packages = [
    "bccsp",
    "bccsp/factory",
    "bccsp/pkcs11",
    "bccsp/signer",
    "bccsp/sw",
    "bccsp/utils",
    "common/capabilities",
    "common/cauthdsl",
    "common/channelconfig",
    "common/config",
    "common/configtx",
    "common/configtx/test",
    "common/crypto",
    "common/deliver",
    "common/errors",
    "common/flogging",
    "common/genesis",
    "common/ledger",
    "common/ledger/blkstorage",
    "common/ledger/blkstorage/fsblkstorage",
    "common/ledger/blockledger",
    "common/ledger/blockledger/file",
    "common/ledger/util",
    "common/ledger/util/leveldbhelper",
    "common/localmsp",
    "common/metadata",
    "common/mocks/config",
    "common/mocks/configtx",
    "common/mocks/policies",
    "common/policies",
    "common/tools/configtxgen/configtxgentest",
    "common/tools/configtxgen/encoder",
    "common/tools/configtxgen/localconfig",
    "common/tools/configtxlator/update",
    "common/util",
    "common/viperutil",
    "core/aclmgmt",
    "core/aclmgmt/resources",
    "core/chaincode/platforms",
    "core/chaincode/platforms/car",
    "core/chaincode/platforms/ccmetadata",
    "core/chaincode/platforms/golang",
    "core/chaincode/platforms/java",
    "core/chaincode/platforms/node",
    "core/chaincode/platforms/util",
    "core/chaincode/shim",
    "core/comm",
    "core/committer",
    "core/committer/txvalidator",
    "core/common/ccpackage",
    "core/common/ccprovider",
    "core/common/privdata",
    "core/common/sysccprovider",
    "core/common/validation",
    "core/config",
    "core/config/configtest",
    "core/container/util",
    "core/deliverservice",
    "core/deliverservice/blocksprovider",
    "core/handlers/validation/api",
    "core/handlers/validation/api/capabilities",
    "core/handlers/validation/api/identities",
    "core/handlers/validation/api/state",
    "core/ledger",
    "core/ledger/cceventmgmt",
    "core/ledger/confighistory",
    "core/ledger/customtx",
    "core/ledger/kvledger",
    "core/ledger/kvledger/bookkeeping",
    "core/ledger/kvledger/history/historydb",
    "core/ledger/kvledger/history/historydb/historyleveldb",
    "core/ledger/kvledger/txmgmt/privacyenabledstate",
    "core/ledger/kvledger/txmgmt/pvtstatepurgemgmt",
    "core/ledger/kvledger/txmgmt/rwsetutil",
    "core/ledger/kvledger/txmgmt/statedb",
    "core/ledger/kvledger/txmgmt/statedb/statecouchdb",
    "core/ledger/kvledger/txmgmt/statedb/stateleveldb",
    "core/ledger/kvledger/txmgmt/txmgr",
    "core/ledger/kvledger/txmgmt/txmgr/lockbasedtxmgr",
    "core/ledger/kvledger/txmgmt/validator",
    "core/ledger/kvledger/txmgmt/validator/statebasedval",
    "core/ledger/kvledger/txmgmt/validator/valimpl",
    "core/ledger/kvledger/txmgmt/validator/valinternal",
    "core/ledger/kvledger/txmgmt/version",
    "core/ledger/ledgerconfig",
    "core/ledger/ledgermgmt",
    "core/ledger/ledgerstorage",
    "core/ledger/pvtdatapolicy",
    "core/ledger/pvtdatastorage",
    "core/ledger/util",
    "core/ledger/util/couchdb",
    "core/peer",
    "core/policy",
    "core/policy/mocks",
    "core/transientstore",
    "events/consumer",
    "events/producer",
    "gossip/api",
    "gossip/comm",
    "gossip/common",
    "gossip/discovery",
    "gossip/election",
    "gossip/filter",
    "gossip/gossip",
    "gossip/gossip/algo",
    "gossip/gossip/channel",
    "gossip/gossip/msgstore",
    "gossip/gossip/pull",
    "gossip/identity",
    "gossip/integration",
    "gossip/privdata",
    "gossip/service",
    "gossip/state",
    "gossip/util",
    "idemix",
    "integration/helpers",
    "integration/runner",
    "msp",
    "msp/cache",
    "msp/mgmt",
    "protos/common",
    "protos/gossip",
    "protos/ledger/queryresult",
    "protos/ledger/rwset",
    "protos/ledger/rwset/kvrwset",
    "protos/msp",
    "protos/orderer",
    "protos/peer",
    "protos/transientstore",
    "protos/utils",
  ]
  pruneopts = "NUT"
  revision = "a58896e4b1b5ed071d76e6244174aeac853a7ba1"

[[projects]]
  branch = "master"
  digest = "1:2dd942c7ae2a232034c9c714dd7dc0143a6e947d24446e865c84beb657dd256a"
  name = "github.com/hyperledger/fabric-amcl"
  packages = [
    "amcl",
    "amcl/FP256BN",
  ]
  pruneopts = "NUT"
  revision = "31cc24e414990009f09ab4d4d9a85eb94d17ac31"

[[projects]]
  digest = "1:fd2c77500d7db8d9368a3996de19cf9db419a10a3dfecbd5b915082549c976c2"
  name = "github.com/hyperledger/fabric-sdk-go"
  packages = [
    "internal/github.com/hyperledger/fabric-ca/api",
    "internal/github.com/hyperledger/fabric-ca/lib",
    "internal/github.com/hyperledger/fabric-ca/lib/client/credential",
    "internal/github.com/hyperledger/fabric-ca/lib/client/credential/x509",
    "internal/github.com/hyperledger/fabric-ca/lib/common",
    "internal/github.com/hyperledger/fabric-ca/lib/streamer",
    "internal/github.com/hyperledger/fabric-ca/lib/tls",
    "internal/github.com/hyperledger/fabric-ca/sdkpatch/cryptosuitebridge",
    "internal/github.com/hyperledger/fabric-ca/sdkpatch/logbridge",
    "internal/github.com/hyperledger/fabric-ca/util",
    "internal/github.com/hyperledger/fabric/bccsp",
    "internal/github.com/hyperledger/fabric/bccsp/factory/sw",
    "internal/github.com/hyperledger/fabric/bccsp/signer",
    "internal/github.com/hyperledger/fabric/bccsp/sw",
    "internal/github.com/hyperledger/fabric/bccsp/utils",
    "internal/github.com/hyperledger/fabric/common/attrmgr",
    "internal/github.com/hyperledger/fabric/common/channelconfig",
    "internal/github.com/hyperledger/fabric/common/crypto",
    "internal/github.com/hyperledger/fabric/common/ledger",
    "internal/github.com/hyperledger/fabric/common/util",
    "internal/github.com/hyperledger/fabric/core/ledger",
    "internal/github.com/hyperledger/fabric/discovery/client",
    "internal/github.com/hyperledger/fabric/msp",
    "internal/github.com/hyperledger/fabric/protos/discovery",
    "internal/github.com/hyperledger/fabric/protos/gossip",
    "internal/github.com/hyperledger/fabric/protos/orderer",
    "internal/github.com/hyperledger/fabric/sdkpatch/cryptosuitebridge",
    "internal/github.com/hyperledger/fabric/sdkpatch/logbridge",
    "pkg/client/channel",
    "pkg/client/channel/invoke",
    "pkg/client/common/discovery",
    "pkg/client/common/discovery/dynamicdiscovery",
    "pkg/client/common/discovery/greylist",
    "pkg/client/common/discovery/staticdiscovery",
    "pkg/client/common/filter",
    "pkg/client/common/random",
    "pkg/client/common/selection/dynamicselection",
    "pkg/client/common/selection/dynamicselection/pgresolver",
    "pkg/client/common/selection/fabricselection",
    "pkg/client/common/selection/options",
    "pkg/client/common/selection/staticselection",
    "pkg/client/common/verifier",
    "pkg/client/resmgmt",
    "pkg/common/errors/multi",
    "pkg/common/errors/retry",
    "pkg/common/errors/status",
    "pkg/common/logging",
    "pkg/common/options",
    "pkg/common/providers/context",
    "pkg/common/providers/core",
    "pkg/common/providers/fab",
    "pkg/common/providers/msp",
    "pkg/common/providers/test/mockfab",
    "pkg/context",
    "pkg/core/config",
    "pkg/core/config/comm",
    "pkg/core/config/comm/tls",
    "pkg/core/config/cryptoutil",
    "pkg/core/config/endpoint",
    "pkg/core/config/lookup",
    "pkg/core/cryptosuite",
    "pkg/core/cryptosuite/bccsp/sw",
    "pkg/core/cryptosuite/bccsp/wrapper",
    "pkg/core/logging/api",
    "pkg/core/logging/metadata",
    "pkg/core/logging/modlog",
    "pkg/core/mocks",
    "pkg/fab",
    "pkg/fab/ccpackager/gopackager",
    "pkg/fab/channel",
    "pkg/fab/channel/membership",
    "pkg/fab/chconfig",
    "pkg/fab/comm",
    "pkg/fab/discovery",
    "pkg/fab/events/api",
    "pkg/fab/events/client",
    "pkg/fab/events/client/dispatcher",
    "pkg/fab/events/client/lbp",
    "pkg/fab/events/deliverclient",
    "pkg/fab/events/deliverclient/connection",
    "pkg/fab/events/deliverclient/dispatcher",
    "pkg/fab/events/deliverclient/seek",
    "pkg/fab/events/endpoint",
    "pkg/fab/events/service",
    "pkg/fab/events/service/blockfilter",
    "pkg/fab/events/service/dispatcher",
    "pkg/fab/events/service/mocks",
    "pkg/fab/keyvaluestore",
    "pkg/fab/mocks",
    "pkg/fab/orderer",
    "pkg/fab/peer",
    "pkg/fab/resource",
    "pkg/fab/signingmgr",
    "pkg/fab/txn",
    "pkg/fabsdk",
    "pkg/fabsdk/api",
    "pkg/fabsdk/factory/defcore",
    "pkg/fabsdk/factory/defmsp",
    "pkg/fabsdk/factory/defsvc",
    "pkg/fabsdk/provider/chpvdr",
    "pkg/fabsdk/provider/fabpvdr",
    "pkg/fabsdk/provider/msppvdr",
    "pkg/msp",
    "pkg/msp/api",
    "pkg/msp/test/mockmsp",
    "pkg/util/concurrent/futurevalue",
    "pkg/util/concurrent/lazycache",
    "pkg/util/concurrent/lazyref",
    "pkg/util/concurrent/rollingcounter",
    "pkg/util/pathvar",
    "pkg/util/test",
    "test/metadata",
    "test/performance/metrics",
    "third_party/github.com/hyperledger/fabric/common/cauthdsl",
    "third_party/github.com/hyperledger/fabric/core/common/ccprovider",
    "third_party/github.com/hyperledger/fabric/core/ledger/kvledger/txmgmt/rwsetutil",
    "third_party/github.com/hyperledger/fabric/core/ledger/util",
    "third_party/github.com/hyperledger/fabric/protos/common",
    "third_party/github.com/hyperledger/fabric/protos/ledger/rwset",
    "third_party/github.com/hyperledger/fabric/protos/ledger/rwset/kvrwset",
    "third_party/github.com/hyperledger/fabric/protos/msp",
    "third_party/github.com/hyperledger/fabric/protos/orderer",
    "third_party/github.com/hyperledger/fabric/protos/peer",
    "third_party/github.com/hyperledger/fabric/protos/utils",
  ]
  pruneopts = "NUT"
  revision = "0628c3fe720c45a500f25fd99f7b8875f58e3906"

[[projects]]
  digest = "1:406338ad39ab2e37b7f4452906442a3dbf0eb3379dd1f06aafb5c07e769a5fbb"
  name = "github.com/inconshreveable/mousetrap"
  packages = ["."]
  pruneopts = "NUT"
  revision = "76626ae9c91c4f2a10f34cad8ce83ea42c93bb75"
  version = "v1.0"

[[projects]]
  digest = "1:d244f8666a838fe6ad70ec8fe77f50ebc29fdc3331a2729ba5886bef8435d10d"
  name = "github.com/magiconair/properties"
  packages = ["."]
  pruneopts = "NUT"
  revision = "c2353362d570a7bfa228149c62842019201cfb71"
  version = "v1.8.0"

[[projects]]
  digest = "1:5985ef4caf91ece5d54817c11ea25f182697534f8ae6521eadcd628c142ac4b6"
  name = "github.com/matttproud/golang_protobuf_extensions"
  packages = ["pbutil"]
  pruneopts = "NUT"
  revision = "c12348ce28de40eed0136aa2b644d0ee0650e56c"
  version = "v1.0.1"

[[projects]]
  digest = "1:b46f169dc70b9e3ada780077756d4e8e31d9ef5311de5a7bb960f7c00ba8d9e7"
  name = "github.com/miekg/pkcs11"
  packages = ["."]
  pruneopts = "NUT"
  revision = "6dbd569b952ec150d1425722dbbe80f2c6193f83"

[[projects]]
  branch = "master"
  digest = "1:5fe20cfe4ef484c237cec9f947b2a6fa90bad4b8610fd014f0e4211e13d82d5d"
  name = "github.com/mitchellh/mapstructure"
  packages = ["."]
  pruneopts = "NUT"
  revision = "fa473d140ef3c6adf42d6b391fe76707f1f243c8"

[[projects]]
  digest = "1:6b85e6a61fffb6aafbd9a8dd855aa4300d3b0bc7c3405a48eb232c20fff88668"
  name = "github.com/onsi/ginkgo"
  packages = [
    ".",
    "config",
    "internal/codelocation",
    "internal/containernode",
    "internal/failer",
    "internal/leafnodes",
    "internal/remote",
    "internal/spec",
    "internal/spec_iterator",
    "internal/specrunner",
    "internal/suite",
    "internal/testingtproxy",
    "internal/writer",
    "reporters",
    "reporters/stenographer",
    "reporters/stenographer/support/go-colorable",
    "reporters/stenographer/support/go-isatty",
    "types",
  ]
  pruneopts = "NUT"
  revision = "a3b6351eb1ff8e1bfa30b2f55d7e282186ed8fee"

[[projects]]
  digest = "1:7e5085b94894e347689f17587ffbae5f9c758f3c5352ac89c06b4e110c0129f9"
  name = "github.com/onsi/gomega"
  packages = [
    ".",
    "format",
    "gbytes",
    "gexec",
    "internal/assertion",
    "internal/asyncassertion",
    "internal/oraclematcher",
    "internal/testingtsupport",
    "matchers",
    "matchers/support/goraph/bipartitegraph",
    "matchers/support/goraph/edge",
    "matchers/support/goraph/node",
    "matchers/support/goraph/util",
    "types",
  ]
  pruneopts = "NUT"
  revision = "b6ea1ea48f981d0f615a154a45eabb9dd466556d"
  version = "v1.4.1"

[[projects]]
  branch = "master"
  digest = "1:7302bcf5914fc7c62b2eb65291547ba8522cd03fc3fda1d468c3438c80302db3"
  name = "github.com/op/go-logging"
  packages = ["."]
  pruneopts = "NUT"
  revision = "970db520ece77730c7e4724c61121037378659d9"

[[projects]]
  digest = "1:e0cc8395ea893c898ff5eb0850f4d9851c1f57c78c232304a026379a47a552d0"
  name = "github.com/opencontainers/go-digest"
  packages = ["."]
  pruneopts = "NUT"
  revision = "279bed98673dd5bef374d3b6e4b09e2af76183bf"
  version = "v1.0.0-rc1"

[[projects]]
  digest = "1:11db38d694c130c800d0aefb502fb02519e514dc53d9804ce51d1ad25ec27db6"
  name = "github.com/opencontainers/image-spec"
  packages = [
    "specs-go",
    "specs-go/v1",
  ]
  pruneopts = "NUT"
  revision = "d60099175f88c47cd379c4738d158884749ed235"
  version = "v1.0.1"

[[projects]]
  digest = "1:918dbd46ad099418ce9760291bb156ebf23d441aad4cb682dd9bf09e2d3c0c7b"
  name = "github.com/opencontainers/runc"
  packages = ["libcontainer/user"]
  pruneopts = "NUT"
  revision = "baf6536d6259209c3edfa2b22237af82942d3dfa"
  version = "v0.1.1"

[[projects]]
  digest = "1:51ea800cff51752ff68e12e04106f5887b4daec6f9356721238c28019f0b42db"
  name = "github.com/pelletier/go-toml"
  packages = ["."]
  pruneopts = "NUT"
  revision = "c01d1270ff3e442a8a57cddc1c92dc1138598194"
  version = "v1.2.0"

[[projects]]
  digest = "1:bf8b95442fa2d448bde39997d6fde56de40344b422d93cea4deead8de699e190"
  name = "github.com/pierrec/lz4"
  packages = [
    ".",
    "internal/xxh32",
  ]
  pruneopts = "NUT"
  revision = "1958fd8fff7f115e79725b1288e0b878b3e06b00"
  version = "v2.0.3"

[[projects]]
  digest = "1:074bc35ec6969d7603de3cffb5bb9dc3b6fb694745a9837942fa9b1670e511e6"
  name = "github.com/pkg/errors"
  packages = ["."]
  pruneopts = "NUT"
  revision = "f15c970de5b76fac0b59abb32d62c17cc7bed265"

[[projects]]
  digest = "1:0028cb19b2e4c3112225cd871870f2d9cf49b9b4276531f03438a88e94be86fe"
  name = "github.com/pmezard/go-difflib"
  packages = ["difflib"]
  pruneopts = "NUT"
  revision = "792786c7400a136282c1664665ae0a8db921c6c2"
  version = "v1.0.0"

[[projects]]
  digest = "1:03bca087b180bf24c4f9060775f137775550a0834e18f0bca0520a868679dbd7"
  name = "github.com/prometheus/client_golang"
  packages = [
    "prometheus",
    "prometheus/promhttp",
  ]
  pruneopts = "NUT"
  revision = "c5b7fccd204277076155f10851dad72b76a49317"
  version = "v0.8.0"

[[projects]]
  branch = "master"
  digest = "1:2d5cd61daa5565187e1d96bae64dbbc6080dacf741448e9629c64fd93203b0d4"
  name = "github.com/prometheus/client_model"
  packages = ["go"]
  pruneopts = "NUT"
  revision = "5c3871d89910bfb32f5fcab2aa4b9ec68e65a99f"

[[projects]]
  branch = "master"
  digest = "1:fad5a35eea6a1a33d6c8f949fbc146f24275ca809ece854248187683f52cc30b"
  name = "github.com/prometheus/common"
  packages = [
    "expfmt",
    "internal/bitbucket.org/ww/goautoneg",
    "model",
  ]
  pruneopts = "NUT"
  revision = "c7de2306084e37d54b8be01f3541a8464345e9a5"

[[projects]]
  branch = "master"
  digest = "1:6621142cd60b7150ab66f38ff36303ca55843dc5a635c1f9a28f95ecddab72b4"
  name = "github.com/prometheus/procfs"
  packages = [
    ".",
    "internal/util",
    "nfs",
    "xfs",
  ]
  pruneopts = "NUT"
  revision = "05ee40e3a273f7245e8777337fc7b46e533a9a92"

[[projects]]
  branch = "master"
  digest = "1:7c522337040d4ec9a136cd9d64fe4677ee1d3eae4a7f8831c2108f9bec43fa48"
  name = "github.com/rcrowley/go-metrics"
  packages = ["."]
  pruneopts = "NUT"
  revision = "e2704e165165ec55d062f5919b4b29494e9fa790"

[[projects]]
  digest = "1:8571a82ac4d086ea4af739f89e053c5739bade0eada735bd2b7009af658c2e2a"
  name = "github.com/rs/xid"
  packages = ["."]
  pruneopts = "NUT"
  revision = "2c7e97ce663ff82c49656bca3048df0fdd83c5f9"
  version = "v1.2.0"

[[projects]]
  digest = "1:b2339e83ce9b5c4f79405f949429a7f68a9a904fed903c672aac1e7ceb7f5f02"
  name = "github.com/sirupsen/logrus"
  packages = ["."]
  pruneopts = "NUT"
  revision = "3e01752db0189b9157070a0e1668a620f9a85da2"
  version = "v1.0.6"

[[projects]]
  digest = "1:330e9062b308ac597e28485699c02223bd052437a6eed32a173c9227dcb9d95a"
  name = "github.com/spf13/afero"
  packages = [
    ".",
    "mem",
  ]
  pruneopts = "NUT"
  revision = "787d034dfe70e44075ccc060d346146ef53270ad"
  version = "v1.1.1"

[[projects]]
  digest = "1:3fa7947ca83b98ae553590d993886e845a4bff19b7b007e869c6e0dd3b9da9cd"
  name = "github.com/spf13/cast"
  packages = ["."]
  pruneopts = "NUT"
  revision = "8965335b8c7107321228e3e3702cab9832751bac"
  version = "v1.2.0"

[[projects]]
  digest = "1:343d44e06621142ab09ae0c76c1799104cdfddd3ffb445d78b1adf8dc3ffaf3d"
  name = "github.com/spf13/cobra"
  packages = ["."]
  pruneopts = "NUT"
  revision = "ef82de70bb3f60c65fb8eebacbb2d122ef517385"
  version = "v0.0.3"

[[projects]]
  branch = "master"
  digest = "1:f29f83301ed096daed24a90f4af591b7560cb14b9cc3e1827abbf04db7269ab5"
  name = "github.com/spf13/jwalterweatherman"
  packages = ["."]
  pruneopts = "NUT"
  revision = "14d3d4c518341bea657dd8a226f5121c0ff8c9f2"

[[projects]]
  digest = "1:e3707aeaccd2adc89eba6c062fec72116fe1fc1ba71097da85b4d8ae1668a675"
  name = "github.com/spf13/pflag"
  packages = ["."]
  pruneopts = "NUT"
  revision = "9a97c102cda95a86cec2345a6f09f55a939babf5"
  version = "v1.0.2"

[[projects]]
  digest = "1:3327c8113e7c4c420ea01123c73a5bf9fe79cf9de201d4bf4761a8b0fc5b31a4"
  name = "github.com/spf13/viper"
  packages = ["."]
  pruneopts = "NUT"
  revision = "aafc9e6bc7b7bb53ddaa75a5ef49a17d6e654be5"

[[projects]]
  digest = "1:0331452965d8695c0a5633e0f509012987681a654f388f2ad0c3b2d7f7004b1c"
  name = "github.com/stretchr/testify"
  packages = [
    "assert",
    "require",
  ]
  pruneopts = "NUT"
  revision = "f35b8ab0b5a2cef36673838d662e249dd9c94686"
  version = "v1.2.2"

[[projects]]
  branch = "master"
  digest = "1:f2ffd421680b0a3f7887501b3c6974bcf19217ecd301d0e2c9b681940ec363d5"
  name = "github.com/syndtr/goleveldb"
  packages = [
    "leveldb",
    "leveldb/cache",
    "leveldb/comparer",
    "leveldb/errors",
    "leveldb/filter",
    "leveldb/iterator",
    "leveldb/journal",
    "leveldb/memdb",
    "leveldb/opt",
    "leveldb/storage",
    "leveldb/table",
    "leveldb/util",
  ]
  pruneopts = "NUT"
  revision = "ae2bd5eed72d46b28834ec3f60db3a3ebedd8dbd"

[[projects]]
  branch = "master"
  digest = "1:99774e56a0a2b2d5244c0a375b802ab3c93c6719c9bb7a8efd6efbc309e8dd17"
  name = "github.com/tedsuo/ifrit"
  packages = [
    ".",
    "ginkgomon",
  ]
  pruneopts = "NUT"
  revision = "bea94bb476ccecfbd31b12ed493a971bdb8c904b"

[[projects]]
  digest = "1:e680404c78a7861c0f7813f16455eccfc4a73fe146947efd555752e038666294"
  name = "github.com/uber-go/tally"
  packages = [
    ".",
    "prometheus",
    "statsd",
  ]
  pruneopts = "NUT"
  revision = "522328b48efad0c6034dba92bf39228694e9d31f"
  version = "v3.3.2"

[[projects]]
  branch = "master"
  digest = "1:f15121220068fb01e71ad08b0fdbd1bfaa926be774e7634e8e332c82134079b0"
  name = "github.com/xeipuuv/gojsonpointer"
  packages = ["."]
  pruneopts = "NUT"
  revision = "4e3ac2762d5f479393488629ee9370b50873b3a6"

[[projects]]
  branch = "master"
  digest = "1:131db546a264d76defd7a4ce233796316b2ab856991cb4b7d6ced2a3c7294ad3"
  name = "github.com/xeipuuv/gojsonreference"
  packages = ["."]
  pruneopts = "NUT"
  revision = "bd5ef7bd5415a7ac448318e64f11a24cd21e594b"

[[projects]]
  branch = "master"
  digest = "1:55d89c767205cf255907b632bfb0fa5795bc8b1682d1acd31e138af6c4f6e176"
  name = "github.com/xeipuuv/gojsonschema"
  packages = ["."]
  pruneopts = "NUT"
  revision = "da425ebb7609ba06a0f395fc8a254d1c303364a0"

[[projects]]
  branch = "master"
  digest = "1:21a50de0824073cee7d4bbe2c0b91aee2d397bec6e82630a34e02cf6602fdaa2"
  name = "golang.org/x/crypto"
  packages = [
    "cryptobyte",
    "cryptobyte/asn1",
    "ocsp",
    "pkcs12",
    "pkcs12/internal/rc2",
    "sha3",
    "ssh/terminal",
  ]
  pruneopts = "NUT"
  revision = "614d502a4dac94afa3a6ce146bd1736da82514c6"

[[projects]]
  branch = "master"
  digest = "1:31a94e598f1947b2535e7a3dd8e085ad025089d163909f8f34f612763e1b4197"
  name = "golang.org/x/net"
  packages = [
    "context",
    "html",
    "html/atom",
    "html/charset",
    "http/httpguts",
    "http2",
    "http2/hpack",
    "idna",
    "internal/timeseries",
    "trace",
  ]
  pruneopts = "NUT"
  revision = "8a410e7b638dca158bf9e766925842f6651ff828"

[[projects]]
  branch = "master"
  digest = "1:e0140c0c868c6e0f01c0380865194592c011fe521d6e12d78bfd33e756fe018a"
  name = "golang.org/x/sync"
  packages = ["semaphore"]
  pruneopts = "NUT"
  revision = "1d60e4601c6fd243af51cc01ddf169918a5407ca"

[[projects]]
  branch = "master"
  digest = "1:e1498a6884b2564efe2a4c4aefce64eb4bc6a4666acfd42db044cf581db4d9cb"
  name = "golang.org/x/sys"
  packages = [
    "unix",
    "windows",
  ]
  pruneopts = "NUT"
  revision = "d99a578cf41bfccdeaf48b0845c823a4b8b0ad5e"

[[projects]]
  digest = "1:8a12cbc891b7130d3f660f8a309e5c0b083f831e6ac38cdaa1f12e63c12d6bea"
  name = "golang.org/x/text"
  packages = [
    "collate",
    "collate/build",
    "encoding",
    "encoding/charmap",
    "encoding/htmlindex",
    "encoding/internal",
    "encoding/internal/identifier",
    "encoding/japanese",
    "encoding/korean",
    "encoding/simplifiedchinese",
    "encoding/traditionalchinese",
    "encoding/unicode",
    "internal/colltab",
    "internal/gen",
    "internal/tag",
    "internal/triegen",
    "internal/ucd",
    "internal/utf8internal",
    "language",
    "runes",
    "secure/bidirule",
    "transform",
    "unicode/bidi",
    "unicode/cldr",
    "unicode/norm",
    "unicode/rangetable",
  ]
  pruneopts = "NUT"
  revision = "f21a4dfb5e38f5895301dc265a8def02365cc3d0"
  version = "v0.3.0"

[[projects]]
  digest = "1:cd018653a358d4b743a9d3bee89e825521f2ab2f2ec0770164bf7632d8d73ab7"
  name = "google.golang.org/genproto"
  packages = ["googleapis/rpc/status"]
  pruneopts = "NUT"
  revision = "df60624c1e9b9d2973e889c7a1cff73155da81c4"

[[projects]]
  digest = "1:3d43152515ea791363eb0d1d21378fbf70e7df4a3954fd315898532cf5e64a8c"
  name = "google.golang.org/grpc"
  packages = [
    ".",
    "balancer",
    "balancer/base",
    "balancer/roundrobin",
    "codes",
    "connectivity",
    "credentials",
    "encoding",
    "encoding/proto",
    "grpclb/grpc_lb_v1/messages",
    "grpclog",
    "internal",
    "keepalive",
    "metadata",
    "naming",
    "peer",
    "resolver",
    "resolver/dns",
    "resolver/passthrough",
    "stats",
    "status",
    "tap",
    "transport",
  ]
  pruneopts = "NUT"
  revision = "d11072e7ca9811b1100b80ca0269ac831f06d024"
  version = "v1.11.3"

[[projects]]
  digest = "1:7c95b35057a0ff2e19f707173cc1a947fa43a6eb5c4d300d196ece0334046082"
  name = "gopkg.in/yaml.v2"
  packages = ["."]
  pruneopts = "NUT"
  revision = "5420a8b6744d3b0345ab293f6fcba19c978f1183"
  version = "v2.2.1"

[solve-meta]
  analyzer-name = "dep"
  analyzer-version = 1
  input-imports = [
    "github.com/DATA-DOG/godog",
    "github.com/DATA-DOG/godog/gherkin",
    "github.com/cactus/go-statsd-client/statsd",
    "github.com/fsouza/go-dockerclient",
    "github.com/gogo/protobuf/proto",
    "github.com/golang/protobuf/jsonpb",
    "github.com/golang/protobuf/proto",
    "github.com/golang/protobuf/ptypes/timestamp",
    "github.com/hyperledger/fabric-sdk-go/internal/github.com/hyperledger/fabric/common/util",
    "github.com/hyperledger/fabric-sdk-go/internal/github.com/hyperledger/fabric/discovery/client",
    "github.com/hyperledger/fabric-sdk-go/internal/github.com/hyperledger/fabric/protos/discovery",
    "github.com/hyperledger/fabric-sdk-go/internal/github.com/hyperledger/fabric/protos/gossip",
    "github.com/hyperledger/fabric-sdk-go/pkg/client/channel",
    "github.com/hyperledger/fabric-sdk-go/pkg/client/channel/invoke",
    "github.com/hyperledger/fabric-sdk-go/pkg/client/common/selection/dynamicselection",
    "github.com/hyperledger/fabric-sdk-go/pkg/client/common/selection/options",
    "github.com/hyperledger/fabric-sdk-go/pkg/client/common/selection/staticselection",
    "github.com/hyperledger/fabric-sdk-go/pkg/client/common/verifier",
    "github.com/hyperledger/fabric-sdk-go/pkg/client/resmgmt",
    "github.com/hyperledger/fabric-sdk-go/pkg/common/errors/multi",
    "github.com/hyperledger/fabric-sdk-go/pkg/common/errors/retry",
    "github.com/hyperledger/fabric-sdk-go/pkg/common/errors/status",
    "github.com/hyperledger/fabric-sdk-go/pkg/common/logging",
    "github.com/hyperledger/fabric-sdk-go/pkg/common/options",
    "github.com/hyperledger/fabric-sdk-go/pkg/common/providers/context",
    "github.com/hyperledger/fabric-sdk-go/pkg/common/providers/core",
    "github.com/hyperledger/fabric-sdk-go/pkg/common/providers/fab",
    "github.com/hyperledger/fabric-sdk-go/pkg/common/providers/msp",
    "github.com/hyperledger/fabric-sdk-go/pkg/context",
    "github.com/hyperledger/fabric-sdk-go/pkg/core/config",
    "github.com/hyperledger/fabric-sdk-go/pkg/core/config/comm",
    "github.com/hyperledger/fabric-sdk-go/pkg/core/config/comm/tls",
    "github.com/hyperledger/fabric-sdk-go/pkg/core/config/lookup",
    "github.com/hyperledger/fabric-sdk-go/pkg/core/cryptosuite",
    "github.com/hyperledger/fabric-sdk-go/pkg/fab",
    "github.com/hyperledger/fabric-sdk-go/pkg/fab/ccpackager/gopackager",
    "github.com/hyperledger/fabric-sdk-go/pkg/fab/channel",
    "github.com/hyperledger/fabric-sdk-go/pkg/fab/channel/membership",
    "github.com/hyperledger/fabric-sdk-go/pkg/fab/chconfig",
    "github.com/hyperledger/fabric-sdk-go/pkg/fab/comm",
    "github.com/hyperledger/fabric-sdk-go/pkg/fab/events/client",
    "github.com/hyperledger/fabric-sdk-go/pkg/fab/events/deliverclient",
    "github.com/hyperledger/fabric-sdk-go/pkg/fab/events/service",
    "github.com/hyperledger/fabric-sdk-go/pkg/fab/events/service/dispatcher",
    "github.com/hyperledger/fabric-sdk-go/pkg/fab/events/service/mocks",
    "github.com/hyperledger/fabric-sdk-go/pkg/fab/mocks",
    "github.com/hyperledger/fabric-sdk-go/pkg/fab/peer",
    "github.com/hyperledger/fabric-sdk-go/pkg/fab/txn",
    "github.com/hyperledger/fabric-sdk-go/pkg/fabsdk",
    "github.com/hyperledger/fabric-sdk-go/pkg/fabsdk/api",
    "github.com/hyperledger/fabric-sdk-go/pkg/fabsdk/factory/defcore",
    "github.com/hyperledger/fabric-sdk-go/pkg/fabsdk/factory/defmsp",
    "github.com/hyperledger/fabric-sdk-go/pkg/fabsdk/factory/defsvc",
    "github.com/hyperledger/fabric-sdk-go/pkg/fabsdk/provider/fabpvdr",
    "github.com/hyperledger/fabric-sdk-go/pkg/fabsdk/provider/msppvdr",
    "github.com/hyperledger/fabric-sdk-go/pkg/msp",
    "github.com/hyperledger/fabric-sdk-go/pkg/util/concurrent/lazycache",
    "github.com/hyperledger/fabric-sdk-go/pkg/util/concurrent/lazyref",
    "github.com/hyperledger/fabric-sdk-go/third_party/github.com/hyperledger/fabric/common/cauthdsl",
    "github.com/hyperledger/fabric-sdk-go/third_party/github.com/hyperledger/fabric/core/ledger/kvledger/txmgmt/rwsetutil",
    "github.com/hyperledger/fabric-sdk-go/third_party/github.com/hyperledger/fabric/protos/common",
    "github.com/hyperledger/fabric-sdk-go/third_party/github.com/hyperledger/fabric/protos/ledger/rwset/kvrwset",
    "github.com/hyperledger/fabric-sdk-go/third_party/github.com/hyperledger/fabric/protos/msp",
    "github.com/hyperledger/fabric-sdk-go/third_party/github.com/hyperledger/fabric/protos/peer",
    "github.com/hyperledger/fabric-sdk-go/third_party/github.com/hyperledger/fabric/protos/utils",
    "github.com/hyperledger/fabric/bccsp",
    "github.com/hyperledger/fabric/bccsp/factory",
    "github.com/hyperledger/fabric/bccsp/pkcs11",
    "github.com/hyperledger/fabric/bccsp/signer",
    "github.com/hyperledger/fabric/bccsp/utils",
    "github.com/hyperledger/fabric/common/policies",
    "github.com/hyperledger/fabric/common/util",
    "github.com/hyperledger/fabric/common/viperutil",
    "github.com/hyperledger/fabric/core/aclmgmt",
    "github.com/hyperledger/fabric/core/chaincode/shim",
    "github.com/hyperledger/fabric/core/ledger/kvledger/txmgmt/privacyenabledstate",
    "github.com/hyperledger/fabric/core/ledger/kvledger/txmgmt/rwsetutil",
    "github.com/hyperledger/fabric/core/ledger/ledgerconfig",
    "github.com/hyperledger/fabric/core/ledger/ledgermgmt",
    "github.com/hyperledger/fabric/core/peer",
    "github.com/hyperledger/fabric/core/policy",
    "github.com/hyperledger/fabric/core/policy/mocks",
    "github.com/hyperledger/fabric/events/consumer",
    "github.com/hyperledger/fabric/gossip/api",
    "github.com/hyperledger/fabric/gossip/comm",
    "github.com/hyperledger/fabric/gossip/common",
    "github.com/hyperledger/fabric/gossip/discovery",
    "github.com/hyperledger/fabric/gossip/filter",
    "github.com/hyperledger/fabric/gossip/gossip",
    "github.com/hyperledger/fabric/gossip/service",
    "github.com/hyperledger/fabric/msp",
    "github.com/hyperledger/fabric/msp/mgmt",
    "github.com/hyperledger/fabric/protos/common",
    "github.com/hyperledger/fabric/protos/gossip",
    "github.com/hyperledger/fabric/protos/msp",
    "github.com/hyperledger/fabric/protos/peer",
    "github.com/hyperledger/fabric/protos/transientstore",
    "github.com/hyperledger/fabric/protos/utils",
    "github.com/op/go-logging",
    "github.com/pkg/errors",
    "github.com/prometheus/client_golang/prometheus",
    "github.com/prometheus/client_golang/prometheus/promhttp",
    "github.com/rs/xid",
    "github.com/spf13/cobra",
    "github.com/spf13/pflag",
    "github.com/spf13/viper",
    "github.com/stretchr/testify/assert",
    "github.com/stretchr/testify/require",
    "github.com/uber-go/tally",
    "github.com/uber-go/tally/prometheus",
    "github.com/uber-go/tally/statsd",
    "github.com/xeipuuv/gojsonschema",
    "golang.org/x/net/context",
    "google.golang.org/grpc",
  ]
  solver-name = "gps-cdcl"
  solver-version = 1
